// !$*UTF8*$!
{
	archiveVersion = 1;
	classes = {
	};
	objectVersion = 42;
	objects = {

/* Begin PBXBuildFile section */
		2B87E8550CBC35BB0095F29C /* iphuc in CopyFiles */ = {isa = PBXBuildFile; fileRef = 8DD76F6C0486A84900D96B5E /* iphuc */; };
		2B87E87F0CBC35CE0095F29C /* config.h in CopyFiles */ = {isa = PBXBuildFile; fileRef = B6A63F8D0CB6D1D5002CBE39 /* config.h */; };
		84DEFD490CBB63E600A8262B /* MobileDevice in Frameworks */ = {isa = PBXBuildFile; fileRef = 84DEFD480CBB63E600A8262B /* MobileDevice */; };
		8DD76F650486A84900D96B5E /* main.cpp in Sources */ = {isa = PBXBuildFile; fileRef = 08FB7796FE84155DC02AAC07 /* main.cpp */; settings = {ATTRIBUTES = (); }; };
		B6A63F7F0CB6D1AC002CBE39 /* DFUInterface.cpp in Sources */ = {isa = PBXBuildFile; fileRef = B6A63F720CB6D1AC002CBE39 /* DFUInterface.cpp */; };
		B6A63F800CB6D1AC002CBE39 /* NormalInterface.cpp in Sources */ = {isa = PBXBuildFile; fileRef = B6A63F750CB6D1AC002CBE39 /* NormalInterface.cpp */; };
		B6A63F810CB6D1AC002CBE39 /* privateFunctions.cpp in Sources */ = {isa = PBXBuildFile; fileRef = B6A63F770CB6D1AC002CBE39 /* privateFunctions.cpp */; };
		B6A63F820CB6D1AC002CBE39 /* RecoveryInterface.cpp in Sources */ = {isa = PBXBuildFile; fileRef = B6A63F780CB6D1AC002CBE39 /* RecoveryInterface.cpp */; };
		B6A63F830CB6D1AC002CBE39 /* RestoreInterface.cpp in Sources */ = {isa = PBXBuildFile; fileRef = B6A63F7B0CB6D1AC002CBE39 /* RestoreInterface.cpp */; };
		B6A63F840CB6D1AC002CBE39 /* Shell.cpp in Sources */ = {isa = PBXBuildFile; fileRef = B6A63F7D0CB6D1AC002CBE39 /* Shell.cpp */; };
		B6A63F920CB6D205002CBE39 /* CoreFoundation.framework in Frameworks */ = {isa = PBXBuildFile; fileRef = B6A63F910CB6D205002CBE39 /* CoreFoundation.framework */; };
		B6A63FFD0CB6DB50002CBE39 /* libreadline.dylib in Frameworks */ = {isa = PBXBuildFile; fileRef = B6A63FFC0CB6DB50002CBE39 /* libreadline.dylib */; };
/* End PBXBuildFile section */

/* Begin PBXCopyFilesBuildPhase section */
		8DD76F690486A84900D96B5E /* CopyFiles */ = {
			isa = PBXCopyFilesBuildPhase;
			buildActionMask = 8;
			dstPath = /usr/share/man/man1/;
			dstSubfolderSpec = 0;
			files = (
				2B87E8550CBC35BB0095F29C /* iphuc in CopyFiles */,
				2B87E87F0CBC35CE0095F29C /* config.h in CopyFiles */,
			);
			runOnlyForDeploymentPostprocessing = 1;
		};
/* End PBXCopyFilesBuildPhase section */

/* Begin PBXFileReference section */
		08FB7796FE84155DC02AAC07 /* main.cpp */ = {isa = PBXFileReference; fileEncoding = 4; lastKnownFileType = sourcecode.cpp.cpp; path = main.cpp; sourceTree = "<group>"; };
		84DEFD480CBB63E600A8262B /* MobileDevice */ = {isa = PBXFileReference; lastKnownFileType = "compiled.mach-o.dylib"; name = MobileDevice; path = /System/Library/PrivateFrameworks/MobileDevice.framework/MobileDevice; sourceTree = "<absolute>"; };
		8DD76F6C0486A84900D96B5E /* iphuc */ = {isa = PBXFileReference; explicitFileType = "compiled.mach-o.executable"; includeInIndex = 0; path = iphuc; sourceTree = BUILT_PRODUCTS_DIR; };
		B6A63F720CB6D1AC002CBE39 /* DFUInterface.cpp */ = {isa = PBXFileReference; fileEncoding = 4; lastKnownFileType = sourcecode.cpp.cpp; path = DFUInterface.cpp; sourceTree = "<group>"; };
		B6A63F730CB6D1AC002CBE39 /* DFUInterface.h */ = {isa = PBXFileReference; fileEncoding = 4; lastKnownFileType = sourcecode.c.h; path = DFUInterface.h; sourceTree = "<group>"; };
		B6A63F740CB6D1AC002CBE39 /* MobileDevice.h */ = {isa = PBXFileReference; fileEncoding = 4; lastKnownFileType = sourcecode.c.h; path = MobileDevice.h; sourceTree = "<group>"; };
		B6A63F750CB6D1AC002CBE39 /* NormalInterface.cpp */ = {isa = PBXFileReference; fileEncoding = 4; lastKnownFileType = sourcecode.cpp.cpp; path = NormalInterface.cpp; sourceTree = "<group>"; };
		B6A63F760CB6D1AC002CBE39 /* NormalInterface.h */ = {isa = PBXFileReference; fileEncoding = 4; lastKnownFileType = sourcecode.c.h; path = NormalInterface.h; sourceTree = "<group>"; };
		B6A63F770CB6D1AC002CBE39 /* privateFunctions.cpp */ = {isa = PBXFileReference; fileEncoding = 4; lastKnownFileType = sourcecode.cpp.cpp; path = privateFunctions.cpp; sourceTree = "<group>"; };
		B6A63F780CB6D1AC002CBE39 /* RecoveryInterface.cpp */ = {isa = PBXFileReference; fileEncoding = 4; lastKnownFileType = sourcecode.cpp.cpp; path = RecoveryInterface.cpp; sourceTree = "<group>"; };
		B6A63F790CB6D1AC002CBE39 /* privateFunctions.h */ = {isa = PBXFileReference; fileEncoding = 4; lastKnownFileType = sourcecode.c.h; path = privateFunctions.h; sourceTree = "<group>"; };
		B6A63F7A0CB6D1AC002CBE39 /* RecoveryInterface.h */ = {isa = PBXFileReference; fileEncoding = 4; lastKnownFileType = sourcecode.c.h; path = RecoveryInterface.h; sourceTree = "<group>"; };
		B6A63F7B0CB6D1AC002CBE39 /* RestoreInterface.cpp */ = {isa = PBXFileReference; fileEncoding = 4; lastKnownFileType = sourcecode.cpp.cpp; path = RestoreInterface.cpp; sourceTree = "<group>"; };
		B6A63F7C0CB6D1AC002CBE39 /* Shell.h */ = {isa = PBXFileReference; fileEncoding = 4; lastKnownFileType = sourcecode.c.h; path = Shell.h; sourceTree = "<group>"; };
		B6A63F7D0CB6D1AC002CBE39 /* Shell.cpp */ = {isa = PBXFileReference; fileEncoding = 4; lastKnownFileType = sourcecode.cpp.cpp; path = Shell.cpp; sourceTree = "<group>"; };
		B6A63F7E0CB6D1AC002CBE39 /* RestoreInterface.h */ = {isa = PBXFileReference; fileEncoding = 4; lastKnownFileType = sourcecode.c.h; path = RestoreInterface.h; sourceTree = "<group>"; };
		B6A63F8D0CB6D1D5002CBE39 /* config.h */ = {isa = PBXFileReference; fileEncoding = 4; lastKnownFileType = sourcecode.c.h; name = config.h; path = ../../iPhoneHacking/src/iphuc/config.h; sourceTree = SOURCE_ROOT; };
		B6A63F910CB6D205002CBE39 /* CoreFoundation.framework */ = {isa = PBXFileReference; lastKnownFileType = wrapper.framework; name = CoreFoundation.framework; path = /System/Library/Frameworks/CoreFoundation.framework; sourceTree = "<absolute>"; };
		B6A63FFC0CB6DB50002CBE39 /* libreadline.dylib */ = {isa = PBXFileReference; lastKnownFileType = "compiled.mach-o.dylib"; name = libreadline.dylib; path = /opt/local/lib/libreadline.dylib; sourceTree = "<absolute>"; };
		C6859E8B029090EE04C91782 /* iphuc.1 */ = {isa = PBXFileReference; lastKnownFileType = text.man; path = iphuc.1; sourceTree = "<group>"; };
/* End PBXFileReference section */

/* Begin PBXFrameworksBuildPhase section */
		8DD76F660486A84900D96B5E /* Frameworks */ = {
			isa = PBXFrameworksBuildPhase;
			buildActionMask = 2147483647;
			files = (
				B6A63F920CB6D205002CBE39 /* CoreFoundation.framework in Frameworks */,
				B6A63FFD0CB6DB50002CBE39 /* libreadline.dylib in Frameworks */,
				84DEFD490CBB63E600A8262B /* MobileDevice in Frameworks */,
			);
			runOnlyForDeploymentPostprocessing = 0;
		};
/* End PBXFrameworksBuildPhase section */

/* Begin PBXGroup section */
		08FB7794FE84155DC02AAC07 /* iphuc */ = {
			isa = PBXGroup;
			children = (
				84DEFD480CBB63E600A8262B /* MobileDevice */,
				B6A63F910CB6D205002CBE39 /* CoreFoundation.framework */,
				B6A63FFC0CB6DB50002CBE39 /* libreadline.dylib */,
				08FB7795FE84155DC02AAC07 /* Source */,
				C6859E8C029090F304C91782 /* Documentation */,
				1AB674ADFE9D54B511CA2CBB /* Products */,
			);
			name = iphuc;
			sourceTree = "<group>";
		};
		08FB7795FE84155DC02AAC07 /* Source */ = {
			isa = PBXGroup;
			children = (
				B6A63F8D0CB6D1D5002CBE39 /* config.h */,
				B6A63F720CB6D1AC002CBE39 /* DFUInterface.cpp */,
				B6A63F730CB6D1AC002CBE39 /* DFUInterface.h */,
				B6A63F740CB6D1AC002CBE39 /* MobileDevice.h */,
				B6A63F750CB6D1AC002CBE39 /* NormalInterface.cpp */,
				B6A63F760CB6D1AC002CBE39 /* NormalInterface.h */,
				B6A63F770CB6D1AC002CBE39 /* privateFunctions.cpp */,
				B6A63F780CB6D1AC002CBE39 /* RecoveryInterface.cpp */,
				B6A63F790CB6D1AC002CBE39 /* privateFunctions.h */,
				B6A63F7A0CB6D1AC002CBE39 /* RecoveryInterface.h */,
				B6A63F7B0CB6D1AC002CBE39 /* RestoreInterface.cpp */,
				B6A63F7C0CB6D1AC002CBE39 /* Shell.h */,
				B6A63F7D0CB6D1AC002CBE39 /* Shell.cpp */,
				B6A63F7E0CB6D1AC002CBE39 /* RestoreInterface.h */,
				08FB7796FE84155DC02AAC07 /* main.cpp */,
			);
			name = Source;
			sourceTree = "<group>";
		};
		1AB674ADFE9D54B511CA2CBB /* Products */ = {
			isa = PBXGroup;
			children = (
				8DD76F6C0486A84900D96B5E /* iphuc */,
			);
			name = Products;
			sourceTree = "<group>";
		};
		C6859E8C029090F304C91782 /* Documentation */ = {
			isa = PBXGroup;
			children = (
				C6859E8B029090EE04C91782 /* iphuc.1 */,
			);
			name = Documentation;
			sourceTree = "<group>";
		};
/* End PBXGroup section */

/* Begin PBXNativeTarget section */
		8DD76F620486A84900D96B5E /* iphuc */ = {
			isa = PBXNativeTarget;
			buildConfigurationList = 1DEB923108733DC60010E9CD /* Build configuration list for PBXNativeTarget "iphuc" */;
			buildPhases = (
				8DD76F640486A84900D96B5E /* Sources */,
				8DD76F660486A84900D96B5E /* Frameworks */,
				8DD76F690486A84900D96B5E /* CopyFiles */,
			);
			buildRules = (
			);
			dependencies = (
			);
			name = iphuc;
			productInstallPath = "$(HOME)/bin";
			productName = iphuc;
			productReference = 8DD76F6C0486A84900D96B5E /* iphuc */;
			productType = "com.apple.product-type.tool";
		};
/* End PBXNativeTarget section */

/* Begin PBXProject section */
		08FB7793FE84155DC02AAC07 /* Project object */ = {
			isa = PBXProject;
			buildConfigurationList = 1DEB923508733DC60010E9CD /* Build configuration list for PBXProject "iphuc" */;
			hasScannedForEncodings = 1;
			mainGroup = 08FB7794FE84155DC02AAC07 /* iphuc */;
			projectDirPath = "";
			projectRoot = "";
			targets = (
				8DD76F620486A84900D96B5E /* iphuc */,
			);
		};
/* End PBXProject section */

/* Begin PBXSourcesBuildPhase section */
		8DD76F640486A84900D96B5E /* Sources */ = {
			isa = PBXSourcesBuildPhase;
			buildActionMask = 2147483647;
			files = (
				8DD76F650486A84900D96B5E /* main.cpp in Sources */,
				B6A63F7F0CB6D1AC002CBE39 /* DFUInterface.cpp in Sources */,
				B6A63F800CB6D1AC002CBE39 /* NormalInterface.cpp in Sources */,
				B6A63F810CB6D1AC002CBE39 /* privateFunctions.cpp in Sources */,
				B6A63F820CB6D1AC002CBE39 /* RecoveryInterface.cpp in Sources */,
				B6A63F830CB6D1AC002CBE39 /* RestoreInterface.cpp in Sources */,
				B6A63F840CB6D1AC002CBE39 /* Shell.cpp in Sources */,
			);
			runOnlyForDeploymentPostprocessing = 0;
		};
/* End PBXSourcesBuildPhase section */

/* Begin XCBuildConfiguration section */
		1DEB923208733DC60010E9CD /* Debug */ = {
			isa = XCBuildConfiguration;
			buildSettings = {
				COPY_PHASE_STRIP = NO;
				FRAMEWORK_SEARCH_PATHS = (
					"$(inherited)",
					"$(FRAMEWORK_SEARCH_PATHS_QUOTED_1)",
				);
				FRAMEWORK_SEARCH_PATHS_QUOTED_1 = "\\\"$(SYSTEM_LIBRARY_DIR)/PrivateFrameworks\\\"";
				GCC_DYNAMIC_NO_PIC = NO;
				GCC_ENABLE_FIX_AND_CONTINUE = YES;
				GCC_MODEL_TUNING = G5;
				GCC_OPTIMIZATION_LEVEL = 0;
				GCC_PREPROCESSOR_DEFINITIONS = (
					"_GLIBCXX_DEBUG=1",
					"_GLIBCXX_DEBUG_PEDANTIC=1",
				);
				INSTALL_PATH = /usr/local/bin;
				LIBRARY_SEARCH_PATHS = (
					"$(inherited)",
					/opt/local/lib,
					"$(LIBRARY_SEARCH_PATHS_QUOTED_1)",
				);
				LIBRARY_SEARCH_PATHS_QUOTED_1 = "\"$(SYSTEM_LIBRARY_DIR)/PrivateFrameworks/MobileDevice.framework\"";
				PRODUCT_NAME = iphuc;
				ZERO_LINK = YES;
			};
			name = Debug;
		};
		1DEB923308733DC60010E9CD /* Release */ = {
			isa = XCBuildConfiguration;
			buildSettings = {
				DEBUG_INFORMATION_FORMAT = "dwarf-with-dsym";
				FRAMEWORK_SEARCH_PATHS = (
					"$(inherited)",
					"$(FRAMEWORK_SEARCH_PATHS_QUOTED_1)",
				);
				FRAMEWORK_SEARCH_PATHS_QUOTED_1 = "\\\"$(SYSTEM_LIBRARY_DIR)/PrivateFrameworks\\\"";
				GCC_MODEL_TUNING = G5;
				HEADER_SEARCH_PATHS = /opt/local/include;
				INSTALL_PATH = /usr/local/bin;
				LIBRARY_SEARCH_PATHS = (
					"$(inherited)",
					/opt/local/lib,
					"$(LIBRARY_SEARCH_PATHS_QUOTED_1)",
				);
				LIBRARY_SEARCH_PATHS_QUOTED_1 = "\"$(SYSTEM_LIBRARY_DIR)/PrivateFrameworks/MobileDevice.framework\"";
				PRODUCT_NAME = iphuc;
			};
			name = Release;
		};
		1DEB923608733DC60010E9CD /* Debug */ = {
			isa = XCBuildConfiguration;
			buildSettings = {
				ARCHS = i386;
				GCC_WARN_ABOUT_RETURN_TYPE = YES;
				GCC_WARN_UNUSED_VARIABLE = YES;
				LIBRARY_SEARCH_PATHS = "/opt/local/lib/**";
				PREBINDING = NO;
				SDKROOT = /Developer/SDKs/MacOSX10.4u.sdk;
			};
			name = Debug;
		};
		1DEB923708733DC60010E9CD /* Release */ = {
			isa = XCBuildConfiguration;
			buildSettings = {
				ALWAYS_SEARCH_USER_PATHS = NO;
				ARCHS = i386;
				GCC_WARN_ABOUT_RETURN_TYPE = YES;
				GCC_WARN_UNUSED_VARIABLE = YES;
				HEADER_SEARCH_PATHS = /opt/local/include;
				LIBRARY_SEARCH_PATHS = "/opt/local/lib/**";
				PREBINDING = NO;
				SDKROOT = /Developer/SDKs/MacOSX10.4u.sdk;
				VALID_ARCHS = i386;
			};
			name = Release;
		};
/* End XCBuildConfiguration section */

/* Begin XCConfigurationList section */
		1DEB923108733DC60010E9CD /* Build configuration list for PBXNativeTarget "iphuc" */ = {
			isa = XCConfigurationList;
			buildConfigurations = (
				1DEB923208733DC60010E9CD /* Debug */,
				1DEB923308733DC60010E9CD /* Release */,
			);
			defaultConfigurationIsVisible = 0;
			defaultConfigurationName = Release;
		};
		1DEB923508733DC60010E9CD /* Build configuration list for PBXProject "iphuc" */ = {
			isa = XCConfigurationList;
			buildConfigurations = (
				1DEB923608733DC60010E9CD /* Debug */,
				1DEB923708733DC60010E9CD /* Release */,
			);
			defaultConfigurationIsVisible = 0;
			defaultConfigurationName = Release;
		};
/* End XCConfigurationList section */
	};
	rootObject = 08FB7793FE84155DC02AAC07 /* Project object */;
}
